Microsoft Visual Studio Solution File, Format Version 12.00
# Visual Studio Version 16
VisualStudioVersion = 16.0.0.0
MinimumVisualStudioVersion = 16.0.0.0
Project("{9A19103F-16F7-4668-BE54-9A1E7A4F7556}") = "Barberia.Server", "Server\Barberia.Server.csproj", "{8D4676AC-DA23-4F88-8656-4354912B0FB3}"
EndProject
Project("{9A19103F-16F7-4668-BE54-9A1E7A4F7556}") = "Barberia.Client", "Client\Barberia.Client.csproj", "{96ABCA2B-82D1-4EEB-AADB-66B84A2E96F9}"
EndProject
Project("{9A19103F-16F7-4668-BE54-9A1E7A4F7556}") = "Barberia.Shared", "Shared\Barberia.Shared.csproj", "{61F0811A-B9D0-4BAC-BF0F-6D577672DA3F}"
EndProject
Global
	GlobalSection(SolutionConfigurationPlatforms) = preSolution
		Debug|Any CPU = Debug|Any CPU
		Debug|x64 = Debug|x64
		Debug|x86 = Debug|x86
		Release|Any CPU = Release|Any CPU
		Release|x64 = Release|x64
		Release|x86 = Release|x86
	EndGlobalSection
	GlobalSection(ProjectConfigurationPlatforms) = postSolution
		{96ABCA2B-82D1-4EEB-AADB-66B84A2E96F9}.Debug|Any CPU.ActiveCfg = Debug|Any CPU
		{96ABCA2B-82D1-4EEB-AADB-66B84A2E96F9}.Debug|Any CPU.Build.0 = Debug|Any CPU
		{96ABCA2B-82D1-4EEB-AADB-66B84A2E96F9}.Debug|x64.ActiveCfg = Debug|Any CPU
		{96ABCA2B-82D1-4EEB-AADB-66B84A2E96F9}.Debug|x64.Build.0 = Debug|Any CPU
		{96ABCA2B-82D1-4EEB-AADB-66B84A2E96F9}.Debug|x86.ActiveCfg = Debug|Any CPU
		{96ABCA2B-82D1-4EEB-AADB-66B84A2E96F9}.Debug|x86.Build.0 = Debug|Any CPU
		{96ABCA2B-82D1-4EEB-AADB-66B84A2E96F9}.Release|Any CPU.ActiveCfg = Release|Any CPU
		{96ABCA2B-82D1-4EEB-AADB-66B84A2E96F9}.Release|Any CPU.Build.0 = Release|Any CPU
		{96ABCA2B-82D1-4EEB-AADB-66B84A2E96F9}.Release|x64.ActiveCfg = Release|Any CPU
		{96ABCA2B-82D1-4EEB-AADB-66B84A2E96F9}.Release|x64.Build.0 = Release|Any CPU
		{96ABCA2B-82D1-4EEB-AADB-66B84A2E96F9}.Release|x86.ActiveCfg = Release|Any CPU
		{96ABCA2B-82D1-4EEB-AADB-66B84A2E96F9}.Release|x86.Build.0 = Release|Any CPU
		{8D4676AC-DA23-4F88-8656-4354912B0FB3}.Debug|Any CPU.ActiveCfg = Debug|Any CPU
		{8D4676AC-DA23-4F88-8656-4354912B0FB3}.Debug|Any CPU.Build.0 = Debug|Any CPU
		{8D4676AC-DA23-4F88-8656-4354912B0FB3}.Debug|x64.ActiveCfg = Debug|Any CPU
		{8D4676AC-DA23-4F88-8656-4354912B0FB3}.Debug|x64.Build.0 = Debug|Any CPU
		{8D4676AC-DA23-4F88-8656-4354912B0FB3}.Debug|x86.ActiveCfg = Debug|Any CPU
		{8D4676AC-DA23-4F88-8656-4354912B0FB3}.Debug|x86.Build.0 = Debug|Any CPU
		{8D4676AC-DA23-4F88-8656-4354912B0FB3}.Release|Any CPU.ActiveCfg = Release|Any CPU
		{8D4676AC-DA23-4F88-8656-4354912B0FB3}.Release|Any CPU.Build.0 = Release|Any CPU
		{8D4676AC-DA23-4F88-8656-4354912B0FB3}.Release|x64.ActiveCfg = Release|Any CPU
		{8D4676AC-DA23-4F88-8656-4354912B0FB3}.Release|x64.Build.0 = Release|Any CPU
		{8D4676AC-DA23-4F88-8656-4354912B0FB3}.Release|x86.ActiveCfg = Release|Any CPU
		{8D4676AC-DA23-4F88-8656-4354912B0FB3}.Release|x86.Build.0 = Release|Any CPU
		{61F0811A-B9D0-4BAC-BF0F-6D577672DA3F}.Debug|Any CPU.ActiveCfg = Debug|Any CPU
		{61F0811A-B9D0-4BAC-BF0F-6D577672DA3F}.Debug|Any CPU.Build.0 = Debug|Any CPU
		{61F0811A-B9D0-4BAC-BF0F-6D577672DA3F}.Debug|x64.ActiveCfg = Debug|Any CPU
		{61F0811A-B9D0-4BAC-BF0F-6D577672DA3F}.Debug|x64.Build.0 = Debug|Any CPU
		{61F0811A-B9D0-4BAC-BF0F-6D577672DA3F}.Debug|x86.ActiveCfg = Debug|Any CPU
		{61F0811A-B9D0-4BAC-BF0F-6D577672DA3F}.Debug|x86.Build.0 = Debug|Any CPU
		{61F0811A-B9D0-4BAC-BF0F-6D577672DA3F}.Release|Any CPU.ActiveCfg = Release|Any CPU
		{61F0811A-B9D0-4BAC-BF0F-6D577672DA3F}.Release|Any CPU.Build.0 = Release|Any CPU
		{61F0811A-B9D0-4BAC-BF0F-6D577672DA3F}.Release|x64.ActiveCfg = Release|Any CPU
		{61F0811A-B9D0-4BAC-BF0F-6D577672DA3F}.Release|x64.Build.0 = Release|Any CPU
		{61F0811A-B9D0-4BAC-BF0F-6D577672DA3F}.Release|x86.ActiveCfg = Release|Any CPU
		{61F0811A-B9D0-4BAC-BF0F-6D577672DA3F}.Release|x86.Build.0 = Release|Any CPU
	EndGlobalSection
	GlobalSection(SolutionProperties) = preSolution
		HideSolutionNode = FALSE
	EndGlobalSection
	GlobalSection(ExtensibilityGlobals) = postSolution
		SolutionGuid = {95E1B76C-E24A-4877-8E9D-BBD616E0EF36}
	EndGlobalSection
EndGlobal