Microsoft Visual Studio Solution File, Format Version 12.00
# Visual Studio Version 16
VisualStudioVersion = 16.0.0.0
MinimumVisualStudioVersion = 16.0.0.0
Project("{9A19103F-16F7-4668-BE54-9A1E7A4F7556}") = "Barberia.Server", "Server\Barberia.Server.csproj", "{ADBE3F26-DA54-44CE-983F-91B54065B6EB}"
EndProject
Project("{9A19103F-16F7-4668-BE54-9A1E7A4F7556}") = "Barberia.Client", "Client\Barberia.Client.csproj", "{2B9F17D1-576D-4B46-B099-B1CD57845B32}"
EndProject
Project("{9A19103F-16F7-4668-BE54-9A1E7A4F7556}") = "Barberia.Shared", "Shared\Barberia.Shared.csproj", "{F78579FA-8FD0-42B0-90DF-BC25925B2D80}"
EndProject
Global
	GlobalSection(SolutionConfigurationPlatforms) = preSolution
		Debug|Any CPU = Debug|Any CPU
		Debug|x64 = Debug|x64
		Debug|x86 = Debug|x86
		Release|Any CPU = Release|Any CPU
		Release|x64 = Release|x64
		Release|x86 = Release|x86
	EndGlobalSection
	GlobalSection(ProjectConfigurationPlatforms) = postSolution
		{2B9F17D1-576D-4B46-B099-B1CD57845B32}.Debug|Any CPU.ActiveCfg = Debug|Any CPU
		{2B9F17D1-576D-4B46-B099-B1CD57845B32}.Debug|Any CPU.Build.0 = Debug|Any CPU
		{2B9F17D1-576D-4B46-B099-B1CD57845B32}.Debug|x64.ActiveCfg = Debug|Any CPU
		{2B9F17D1-576D-4B46-B099-B1CD57845B32}.Debug|x64.Build.0 = Debug|Any CPU
		{2B9F17D1-576D-4B46-B099-B1CD57845B32}.Debug|x86.ActiveCfg = Debug|Any CPU
		{2B9F17D1-576D-4B46-B099-B1CD57845B32}.Debug|x86.Build.0 = Debug|Any CPU
		{2B9F17D1-576D-4B46-B099-B1CD57845B32}.Release|Any CPU.ActiveCfg = Release|Any CPU
		{2B9F17D1-576D-4B46-B099-B1CD57845B32}.Release|Any CPU.Build.0 = Release|Any CPU
		{2B9F17D1-576D-4B46-B099-B1CD57845B32}.Release|x64.ActiveCfg = Release|Any CPU
		{2B9F17D1-576D-4B46-B099-B1CD57845B32}.Release|x64.Build.0 = Release|Any CPU
		{2B9F17D1-576D-4B46-B099-B1CD57845B32}.Release|x86.ActiveCfg = Release|Any CPU
		{2B9F17D1-576D-4B46-B099-B1CD57845B32}.Release|x86.Build.0 = Release|Any CPU
		{ADBE3F26-DA54-44CE-983F-91B54065B6EB}.Debug|Any CPU.ActiveCfg = Debug|Any CPU
		{ADBE3F26-DA54-44CE-983F-91B54065B6EB}.Debug|Any CPU.Build.0 = Debug|Any CPU
		{ADBE3F26-DA54-44CE-983F-91B54065B6EB}.Debug|x64.ActiveCfg = Debug|Any CPU
		{ADBE3F26-DA54-44CE-983F-91B54065B6EB}.Debug|x64.Build.0 = Debug|Any CPU
		{ADBE3F26-DA54-44CE-983F-91B54065B6EB}.Debug|x86.ActiveCfg = Debug|Any CPU
		{ADBE3F26-DA54-44CE-983F-91B54065B6EB}.Debug|x86.Build.0 = Debug|Any CPU
		{ADBE3F26-DA54-44CE-983F-91B54065B6EB}.Release|Any CPU.ActiveCfg = Release|Any CPU
		{ADBE3F26-DA54-44CE-983F-91B54065B6EB}.Release|Any CPU.Build.0 = Release|Any CPU
		{ADBE3F26-DA54-44CE-983F-91B54065B6EB}.Release|x64.ActiveCfg = Release|Any CPU
		{ADBE3F26-DA54-44CE-983F-91B54065B6EB}.Release|x64.Build.0 = Release|Any CPU
		{ADBE3F26-DA54-44CE-983F-91B54065B6EB}.Release|x86.ActiveCfg = Release|Any CPU
		{ADBE3F26-DA54-44CE-983F-91B54065B6EB}.Release|x86.Build.0 = Release|Any CPU
		{F78579FA-8FD0-42B0-90DF-BC25925B2D80}.Debug|Any CPU.ActiveCfg = Debug|Any CPU
		{F78579FA-8FD0-42B0-90DF-BC25925B2D80}.Debug|Any CPU.Build.0 = Debug|Any CPU
		{F78579FA-8FD0-42B0-90DF-BC25925B2D80}.Debug|x64.ActiveCfg = Debug|Any CPU
		{F78579FA-8FD0-42B0-90DF-BC25925B2D80}.Debug|x64.Build.0 = Debug|Any CPU
		{F78579FA-8FD0-42B0-90DF-BC25925B2D80}.Debug|x86.ActiveCfg = Debug|Any CPU
		{F78579FA-8FD0-42B0-90DF-BC25925B2D80}.Debug|x86.Build.0 = Debug|Any CPU
		{F78579FA-8FD0-42B0-90DF-BC25925B2D80}.Release|Any CPU.ActiveCfg = Release|Any CPU
		{F78579FA-8FD0-42B0-90DF-BC25925B2D80}.Release|Any CPU.Build.0 = Release|Any CPU
		{F78579FA-8FD0-42B0-90DF-BC25925B2D80}.Release|x64.ActiveCfg = Release|Any CPU
		{F78579FA-8FD0-42B0-90DF-BC25925B2D80}.Release|x64.Build.0 = Release|Any CPU
		{F78579FA-8FD0-42B0-90DF-BC25925B2D80}.Release|x86.ActiveCfg = Release|Any CPU
		{F78579FA-8FD0-42B0-90DF-BC25925B2D80}.Release|x86.Build.0 = Release|Any CPU
	EndGlobalSection
	GlobalSection(SolutionProperties) = preSolution
		HideSolutionNode = FALSE
	EndGlobalSection
	GlobalSection(ExtensibilityGlobals) = postSolution
		SolutionGuid = {9524A6A7-61E6-480F-AA8D-DAEE62AF0DC7}
	EndGlobalSection
EndGlobal