Microsoft Visual Studio Solution File, Format Version 12.00
# Visual Studio Version 16
VisualStudioVersion = 16.0.0.0
MinimumVisualStudioVersion = 16.0.0.0
Project("{9A19103F-16F7-4668-BE54-9A1E7A4F7556}") = "Barberia.Server", "Server\Barberia.Server.csproj", "{28A0980E-9BC1-4216-A498-3B0C41955EE3}"
EndProject
Project("{9A19103F-16F7-4668-BE54-9A1E7A4F7556}") = "Barberia.Client", "Client\Barberia.Client.csproj", "{DF22EDD8-749A-4524-BA6A-47BF2D7B8128}"
EndProject
Project("{9A19103F-16F7-4668-BE54-9A1E7A4F7556}") = "Barberia.Shared", "Shared\Barberia.Shared.csproj", "{B7125837-6D5E-4AD4-A7A5-7A5C2B8B1228}"
EndProject
Global
	GlobalSection(SolutionConfigurationPlatforms) = preSolution
		Debug|Any CPU = Debug|Any CPU
		Debug|x64 = Debug|x64
		Debug|x86 = Debug|x86
		Release|Any CPU = Release|Any CPU
		Release|x64 = Release|x64
		Release|x86 = Release|x86
	EndGlobalSection
	GlobalSection(ProjectConfigurationPlatforms) = postSolution
		{DF22EDD8-749A-4524-BA6A-47BF2D7B8128}.Debug|Any CPU.ActiveCfg = Debug|Any CPU
		{DF22EDD8-749A-4524-BA6A-47BF2D7B8128}.Debug|Any CPU.Build.0 = Debug|Any CPU
		{DF22EDD8-749A-4524-BA6A-47BF2D7B8128}.Debug|x64.ActiveCfg = Debug|Any CPU
		{DF22EDD8-749A-4524-BA6A-47BF2D7B8128}.Debug|x64.Build.0 = Debug|Any CPU
		{DF22EDD8-749A-4524-BA6A-47BF2D7B8128}.Debug|x86.ActiveCfg = Debug|Any CPU
		{DF22EDD8-749A-4524-BA6A-47BF2D7B8128}.Debug|x86.Build.0 = Debug|Any CPU
		{DF22EDD8-749A-4524-BA6A-47BF2D7B8128}.Release|Any CPU.ActiveCfg = Release|Any CPU
		{DF22EDD8-749A-4524-BA6A-47BF2D7B8128}.Release|Any CPU.Build.0 = Release|Any CPU
		{DF22EDD8-749A-4524-BA6A-47BF2D7B8128}.Release|x64.ActiveCfg = Release|Any CPU
		{DF22EDD8-749A-4524-BA6A-47BF2D7B8128}.Release|x64.Build.0 = Release|Any CPU
		{DF22EDD8-749A-4524-BA6A-47BF2D7B8128}.Release|x86.ActiveCfg = Release|Any CPU
		{DF22EDD8-749A-4524-BA6A-47BF2D7B8128}.Release|x86.Build.0 = Release|Any CPU
		{28A0980E-9BC1-4216-A498-3B0C41955EE3}.Debug|Any CPU.ActiveCfg = Debug|Any CPU
		{28A0980E-9BC1-4216-A498-3B0C41955EE3}.Debug|Any CPU.Build.0 = Debug|Any CPU
		{28A0980E-9BC1-4216-A498-3B0C41955EE3}.Debug|x64.ActiveCfg = Debug|Any CPU
		{28A0980E-9BC1-4216-A498-3B0C41955EE3}.Debug|x64.Build.0 = Debug|Any CPU
		{28A0980E-9BC1-4216-A498-3B0C41955EE3}.Debug|x86.ActiveCfg = Debug|Any CPU
		{28A0980E-9BC1-4216-A498-3B0C41955EE3}.Debug|x86.Build.0 = Debug|Any CPU
		{28A0980E-9BC1-4216-A498-3B0C41955EE3}.Release|Any CPU.ActiveCfg = Release|Any CPU
		{28A0980E-9BC1-4216-A498-3B0C41955EE3}.Release|Any CPU.Build.0 = Release|Any CPU
		{28A0980E-9BC1-4216-A498-3B0C41955EE3}.Release|x64.ActiveCfg = Release|Any CPU
		{28A0980E-9BC1-4216-A498-3B0C41955EE3}.Release|x64.Build.0 = Release|Any CPU
		{28A0980E-9BC1-4216-A498-3B0C41955EE3}.Release|x86.ActiveCfg = Release|Any CPU
		{28A0980E-9BC1-4216-A498-3B0C41955EE3}.Release|x86.Build.0 = Release|Any CPU
		{B7125837-6D5E-4AD4-A7A5-7A5C2B8B1228}.Debug|Any CPU.ActiveCfg = Debug|Any CPU
		{B7125837-6D5E-4AD4-A7A5-7A5C2B8B1228}.Debug|Any CPU.Build.0 = Debug|Any CPU
		{B7125837-6D5E-4AD4-A7A5-7A5C2B8B1228}.Debug|x64.ActiveCfg = Debug|Any CPU
		{B7125837-6D5E-4AD4-A7A5-7A5C2B8B1228}.Debug|x64.Build.0 = Debug|Any CPU
		{B7125837-6D5E-4AD4-A7A5-7A5C2B8B1228}.Debug|x86.ActiveCfg = Debug|Any CPU
		{B7125837-6D5E-4AD4-A7A5-7A5C2B8B1228}.Debug|x86.Build.0 = Debug|Any CPU
		{B7125837-6D5E-4AD4-A7A5-7A5C2B8B1228}.Release|Any CPU.ActiveCfg = Release|Any CPU
		{B7125837-6D5E-4AD4-A7A5-7A5C2B8B1228}.Release|Any CPU.Build.0 = Release|Any CPU
		{B7125837-6D5E-4AD4-A7A5-7A5C2B8B1228}.Release|x64.ActiveCfg = Release|Any CPU
		{B7125837-6D5E-4AD4-A7A5-7A5C2B8B1228}.Release|x64.Build.0 = Release|Any CPU
		{B7125837-6D5E-4AD4-A7A5-7A5C2B8B1228}.Release|x86.ActiveCfg = Release|Any CPU
		{B7125837-6D5E-4AD4-A7A5-7A5C2B8B1228}.Release|x86.Build.0 = Release|Any CPU
	EndGlobalSection
	GlobalSection(SolutionProperties) = preSolution
		HideSolutionNode = FALSE
	EndGlobalSection
	GlobalSection(ExtensibilityGlobals) = postSolution
		SolutionGuid = {01FA0648-3238-4FA9-BC49-8B06E0D21749}
	EndGlobalSection
EndGlobal